%{"coverex": {:hex, :coverex, "1.0.0"},
  "earmark": {:hex, :earmark, "0.1.15"},
  "elgar": {:git, "https://github.com/ramsay-t/elgar", "ee29735a5cae4994a6b275ae1c225e3a111771e3", []},
  "ex_doc": {:hex, :ex_doc, "0.7.2"},
  "hackney": {:hex, :hackney, "0.13.1"},
  "httpoison": {:hex, :httpoison, "0.4.2"},
  "idna": {:hex, :idna, "1.0.1"},
  "poison": {:hex, :poison, "1.1.1"},
  "skel": {:git, "https://github.com/ramsay-t/skel", "740afc4e4b4f919fe2614605ecf8ef7fefa26056", []}}
